// !$*UTF8*$!
{
	archiveVersion = 1;
	classes = {
	};
	objectVersion = 56;
	objects = {

/* Begin PBXBuildFile section */
		4A3D87102A123F960004053A /* Notifications.swift in Sources */ = {isa = PBXBuildFile; fileRef = 4A3D870F2A123F960004053A /* Notifications.swift */; };
		4A3D87742A14D7620004053A /* WidgetKit.framework in Frameworks */ = {isa = PBXBuildFile; fileRef = 4A3D87172A1378050004053A /* WidgetKit.framework */; };
		4A3D87752A14D7620004053A /* SwiftUI.framework in Frameworks */ = {isa = PBXBuildFile; fileRef = 4A3D87192A1378060004053A /* SwiftUI.framework */; };
		4A3D87782A14D7620004053A /* PeriodWidgetBundle.swift in Sources */ = {isa = PBXBuildFile; fileRef = 4A3D87772A14D7620004053A /* PeriodWidgetBundle.swift */; };
		4A3D877A2A14D7620004053A /* PeriodWidgetLiveActivity.swift in Sources */ = {isa = PBXBuildFile; fileRef = 4A3D87792A14D7620004053A /* PeriodWidgetLiveActivity.swift */; };
		4A3D877C2A14D7630004053A /* PeriodWidget.swift in Sources */ = {isa = PBXBuildFile; fileRef = 4A3D877B2A14D7620004053A /* PeriodWidget.swift */; };
		4A3D877E2A14D7630004053A /* Assets.xcassets in Resources */ = {isa = PBXBuildFile; fileRef = 4A3D877D2A14D7630004053A /* Assets.xcassets */; };
		4A3D87822A14D7630004053A /* PeriodWidgetExtension.appex in Embed Foundation Extensions */ = {isa = PBXBuildFile; fileRef = 4A3D87732A14D7620004053A /* PeriodWidgetExtension.appex */; settings = {ATTRIBUTES = (RemoveHeadersOnCopy, ); }; };
		4A3D87872A14D7790004053A /* DateFormatter+Extention.swift in Sources */ = {isa = PBXBuildFile; fileRef = 4A4F523F29FBC878003638C5 /* DateFormatter+Extention.swift */; };
		4A3D878B2A15134D0004053A /* UserProfileService.swift in Sources */ = {isa = PBXBuildFile; fileRef = 4A6B637929F7F0FF00997332 /* UserProfileService.swift */; };
		4A3D878C2A1544820004053A /* OffPeriodModel.swift in Sources */ = {isa = PBXBuildFile; fileRef = 4A77AC9D2A06841500A9E437 /* OffPeriodModel.swift */; };
		4A3D878E2A1622C20004053A /* Main.storyboard in Resources */ = {isa = PBXBuildFile; fileRef = 4A3D878D2A1622C20004053A /* Main.storyboard */; };
		4A4A06F829F937AE0050BAB4 /* DataModel.xcdatamodeld in Sources */ = {isa = PBXBuildFile; fileRef = 4A4A06F629F937AE0050BAB4 /* DataModel.xcdatamodeld */; };
		4A4A06FC29F980400050BAB4 /* PersistanceService.swift in Sources */ = {isa = PBXBuildFile; fileRef = 4A4A06FB29F980400050BAB4 /* PersistanceService.swift */; };
		4A4F523D29FAD9C6003638C5 /* DateCalculatiorService.swift in Sources */ = {isa = PBXBuildFile; fileRef = 4A4F523C29FAD9C6003638C5 /* DateCalculatiorService.swift */; };
		4A4F524029FBC878003638C5 /* DateFormatter+Extention.swift in Sources */ = {isa = PBXBuildFile; fileRef = 4A4F523F29FBC878003638C5 /* DateFormatter+Extention.swift */; };
		4A6B636229F6E32500997332 /* AppDelegate.swift in Sources */ = {isa = PBXBuildFile; fileRef = 4A6B636129F6E32500997332 /* AppDelegate.swift */; };
		4A6B636429F6E32500997332 /* SceneDelegate.swift in Sources */ = {isa = PBXBuildFile; fileRef = 4A6B636329F6E32500997332 /* SceneDelegate.swift */; };
		4A6B636629F6E32500997332 /* UserSettingsVC.swift in Sources */ = {isa = PBXBuildFile; fileRef = 4A6B636529F6E32500997332 /* UserSettingsVC.swift */; };
		4A6B636B29F6E32600997332 /* Assets.xcassets in Resources */ = {isa = PBXBuildFile; fileRef = 4A6B636A29F6E32600997332 /* Assets.xcassets */; };
		4A6B636E29F6E32600997332 /* LaunchScreen.storyboard in Resources */ = {isa = PBXBuildFile; fileRef = 4A6B636C29F6E32600997332 /* LaunchScreen.storyboard */; };
		4A6B637629F6E61700997332 /* Coordinator.swift in Sources */ = {isa = PBXBuildFile; fileRef = 4A6B637529F6E61700997332 /* Coordinator.swift */; };
		4A6B637A29F7F0FF00997332 /* UserProfileService.swift in Sources */ = {isa = PBXBuildFile; fileRef = 4A6B637929F7F0FF00997332 /* UserProfileService.swift */; };
		4A6B638529F80A6900997332 /* DropDownPickerView.swift in Sources */ = {isa = PBXBuildFile; fileRef = 4A6B638429F80A6900997332 /* DropDownPickerView.swift */; };
		4A6D20342A0442A4009FD307 /* DropShapeView.swift in Sources */ = {isa = PBXBuildFile; fileRef = 4A6D20332A0442A4009FD307 /* DropShapeView.swift */; };
		4A77AC9F2A06841500A9E437 /* OffPeriodModel.swift in Sources */ = {isa = PBXBuildFile; fileRef = 4A77AC9D2A06841500A9E437 /* OffPeriodModel.swift */; };
		4A77ACA02A06841500A9E437 /* OffPeriodVC.swift in Sources */ = {isa = PBXBuildFile; fileRef = 4A77AC9E2A06841500A9E437 /* OffPeriodVC.swift */; };
		4ADC9B2F29FFBB550021F9BF /* DropDownDateView.swift in Sources */ = {isa = PBXBuildFile; fileRef = 4ADC9B2E29FFBB550021F9BF /* DropDownDateView.swift */; };
/* End PBXBuildFile section */

/* Begin PBXContainerItemProxy section */
		4A3D87802A14D7630004053A /* PBXContainerItemProxy */ = {
			isa = PBXContainerItemProxy;
			containerPortal = 4A6B635629F6E32500997332 /* Project object */;
			proxyType = 1;
			remoteGlobalIDString = 4A3D87722A14D7620004053A;
			remoteInfo = PeriodWidgetExtension;
		};
/* End PBXContainerItemProxy section */

/* Begin PBXCopyFilesBuildPhase section */
		4A3D872B2A1378070004053A /* Embed Foundation Extensions */ = {
			isa = PBXCopyFilesBuildPhase;
			buildActionMask = 2147483647;
			dstPath = "";
			dstSubfolderSpec = 13;
			files = (
				4A3D87822A14D7630004053A /* PeriodWidgetExtension.appex in Embed Foundation Extensions */,
			);
			name = "Embed Foundation Extensions";
			runOnlyForDeploymentPostprocessing = 0;
		};
/* End PBXCopyFilesBuildPhase section */

/* Begin PBXFileReference section */
		4A3D870E2A0E619C0004053A /* EasyPeriod.entitlements */ = {isa = PBXFileReference; lastKnownFileType = text.plist.entitlements; path = EasyPeriod.entitlements; sourceTree = "<group>"; };
		4A3D870F2A123F960004053A /* Notifications.swift */ = {isa = PBXFileReference; lastKnownFileType = sourcecode.swift; path = Notifications.swift; sourceTree = "<group>"; };
		4A3D87172A1378050004053A /* WidgetKit.framework */ = {isa = PBXFileReference; lastKnownFileType = wrapper.framework; name = WidgetKit.framework; path = System/Library/Frameworks/WidgetKit.framework; sourceTree = SDKROOT; };
		4A3D87192A1378060004053A /* SwiftUI.framework */ = {isa = PBXFileReference; lastKnownFileType = wrapper.framework; name = SwiftUI.framework; path = System/Library/Frameworks/SwiftUI.framework; sourceTree = SDKROOT; };
		4A3D87732A14D7620004053A /* PeriodWidgetExtension.appex */ = {isa = PBXFileReference; explicitFileType = "wrapper.app-extension"; includeInIndex = 0; path = PeriodWidgetExtension.appex; sourceTree = BUILT_PRODUCTS_DIR; };
		4A3D87772A14D7620004053A /* PeriodWidgetBundle.swift */ = {isa = PBXFileReference; lastKnownFileType = sourcecode.swift; path = PeriodWidgetBundle.swift; sourceTree = "<group>"; };
		4A3D87792A14D7620004053A /* PeriodWidgetLiveActivity.swift */ = {isa = PBXFileReference; lastKnownFileType = sourcecode.swift; path = PeriodWidgetLiveActivity.swift; sourceTree = "<group>"; };
		4A3D877B2A14D7620004053A /* PeriodWidget.swift */ = {isa = PBXFileReference; lastKnownFileType = sourcecode.swift; path = PeriodWidget.swift; sourceTree = "<group>"; };
		4A3D877D2A14D7630004053A /* Assets.xcassets */ = {isa = PBXFileReference; lastKnownFileType = folder.assetcatalog; path = Assets.xcassets; sourceTree = "<group>"; };
		4A3D877F2A14D7630004053A /* Info.plist */ = {isa = PBXFileReference; lastKnownFileType = text.plist.xml; path = Info.plist; sourceTree = "<group>"; };
		4A3D878D2A1622C20004053A /* Main.storyboard */ = {isa = PBXFileReference; fileEncoding = 4; lastKnownFileType = file.storyboard; path = Main.storyboard; sourceTree = "<group>"; };
		4A4A06F729F937AE0050BAB4 /* DataModel.xcdatamodel */ = {isa = PBXFileReference; lastKnownFileType = wrapper.xcdatamodel; path = DataModel.xcdatamodel; sourceTree = "<group>"; };
		4A4A06FB29F980400050BAB4 /* PersistanceService.swift */ = {isa = PBXFileReference; lastKnownFileType = sourcecode.swift; path = PersistanceService.swift; sourceTree = "<group>"; };
		4A4F523C29FAD9C6003638C5 /* DateCalculatiorService.swift */ = {isa = PBXFileReference; lastKnownFileType = sourcecode.swift; path = DateCalculatiorService.swift; sourceTree = "<group>"; };
		4A4F523F29FBC878003638C5 /* DateFormatter+Extention.swift */ = {isa = PBXFileReference; lastKnownFileType = sourcecode.swift; path = "DateFormatter+Extention.swift"; sourceTree = "<group>"; };
		4A6B635E29F6E32500997332 /* EasyPeriod.app */ = {isa = PBXFileReference; explicitFileType = wrapper.application; includeInIndex = 0; path = EasyPeriod.app; sourceTree = BUILT_PRODUCTS_DIR; };
		4A6B636129F6E32500997332 /* AppDelegate.swift */ = {isa = PBXFileReference; lastKnownFileType = sourcecode.swift; path = AppDelegate.swift; sourceTree = "<group>"; };
		4A6B636329F6E32500997332 /* SceneDelegate.swift */ = {isa = PBXFileReference; lastKnownFileType = sourcecode.swift; path = SceneDelegate.swift; sourceTree = "<group>"; };
		4A6B636529F6E32500997332 /* UserSettingsVC.swift */ = {isa = PBXFileReference; lastKnownFileType = sourcecode.swift; path = UserSettingsVC.swift; sourceTree = "<group>"; };
		4A6B636A29F6E32600997332 /* Assets.xcassets */ = {isa = PBXFileReference; lastKnownFileType = folder.assetcatalog; path = Assets.xcassets; sourceTree = "<group>"; };
		4A6B636D29F6E32600997332 /* Base */ = {isa = PBXFileReference; lastKnownFileType = file.storyboard; name = Base; path = Base.lproj/LaunchScreen.storyboard; sourceTree = "<group>"; };
		4A6B636F29F6E32600997332 /* Info.plist */ = {isa = PBXFileReference; lastKnownFileType = text.plist.xml; path = Info.plist; sourceTree = "<group>"; };
		4A6B637529F6E61700997332 /* Coordinator.swift */ = {isa = PBXFileReference; lastKnownFileType = sourcecode.swift; path = Coordinator.swift; sourceTree = "<group>"; };
		4A6B637929F7F0FF00997332 /* UserProfileService.swift */ = {isa = PBXFileReference; lastKnownFileType = sourcecode.swift; path = UserProfileService.swift; sourceTree = "<group>"; };
		4A6B638429F80A6900997332 /* DropDownPickerView.swift */ = {isa = PBXFileReference; lastKnownFileType = sourcecode.swift; path = DropDownPickerView.swift; sourceTree = "<group>"; };
		4A6D20332A0442A4009FD307 /* DropShapeView.swift */ = {isa = PBXFileReference; lastKnownFileType = sourcecode.swift; path = DropShapeView.swift; sourceTree = "<group>"; };
		4A77AC9D2A06841500A9E437 /* OffPeriodModel.swift */ = {isa = PBXFileReference; fileEncoding = 4; lastKnownFileType = sourcecode.swift; path = OffPeriodModel.swift; sourceTree = "<group>"; };
		4A77AC9E2A06841500A9E437 /* OffPeriodVC.swift */ = {isa = PBXFileReference; fileEncoding = 4; lastKnownFileType = sourcecode.swift; path = OffPeriodVC.swift; sourceTree = "<group>"; };
		4ADC9B2E29FFBB550021F9BF /* DropDownDateView.swift */ = {isa = PBXFileReference; lastKnownFileType = sourcecode.swift; path = DropDownDateView.swift; sourceTree = "<group>"; };
/* End PBXFileReference section */

/* Begin PBXFrameworksBuildPhase section */
		4A3D87702A14D7620004053A /* Frameworks */ = {
			isa = PBXFrameworksBuildPhase;
			buildActionMask = 2147483647;
			files = (
				4A3D87752A14D7620004053A /* SwiftUI.framework in Frameworks */,
				4A3D87742A14D7620004053A /* WidgetKit.framework in Frameworks */,
			);
			runOnlyForDeploymentPostprocessing = 0;
		};
		4A6B635B29F6E32500997332 /* Frameworks */ = {
			isa = PBXFrameworksBuildPhase;
			buildActionMask = 2147483647;
			files = (
			);
			runOnlyForDeploymentPostprocessing = 0;
		};
/* End PBXFrameworksBuildPhase section */

/* Begin PBXGroup section */
		4A3D87162A1378050004053A /* Frameworks */ = {
			isa = PBXGroup;
			children = (
				4A3D87172A1378050004053A /* WidgetKit.framework */,
				4A3D87192A1378060004053A /* SwiftUI.framework */,
			);
			name = Frameworks;
			sourceTree = "<group>";
		};
		4A3D87762A14D7620004053A /* PeriodWidget */ = {
			isa = PBXGroup;
			children = (
				4A3D87772A14D7620004053A /* PeriodWidgetBundle.swift */,
				4A3D87792A14D7620004053A /* PeriodWidgetLiveActivity.swift */,
				4A3D877B2A14D7620004053A /* PeriodWidget.swift */,
				4A3D877D2A14D7630004053A /* Assets.xcassets */,
				4A3D877F2A14D7630004053A /* Info.plist */,
			);
			path = PeriodWidget;
			sourceTree = "<group>";
		};
		4A4F523E29FBC862003638C5 /* Extentions */ = {
			isa = PBXGroup;
			children = (
				4A4F523F29FBC878003638C5 /* DateFormatter+Extention.swift */,
			);
			path = Extentions;
			sourceTree = "<group>";
		};
		4A6B635529F6E32500997332 = {
			isa = PBXGroup;
			children = (
				4A6B636029F6E32500997332 /* EasyPeriod */,
				4A3D87762A14D7620004053A /* PeriodWidget */,
				4A3D87162A1378050004053A /* Frameworks */,
				4A6B635F29F6E32500997332 /* Products */,
			);
			sourceTree = "<group>";
		};
		4A6B635F29F6E32500997332 /* Products */ = {
			isa = PBXGroup;
			children = (
				4A6B635E29F6E32500997332 /* EasyPeriod.app */,
				4A3D87732A14D7620004053A /* PeriodWidgetExtension.appex */,
			);
			name = Products;
			sourceTree = "<group>";
		};
		4A6B636029F6E32500997332 /* EasyPeriod */ = {
			isa = PBXGroup;
			children = (
				4A3D870E2A0E619C0004053A /* EasyPeriod.entitlements */,
				4A4F523E29FBC862003638C5 /* Extentions */,
				4A4A06F629F937AE0050BAB4 /* DataModel.xcdatamodeld */,
				4A6B638329F80A4400997332 /* Views */,
				4A6B638229F7F4A000997332 /* Services */,
				4A6B638129F7F48D00997332 /* Screens */,
				4A6B637F29F7F47700997332 /* Coordinator */,
				4A6B637E29F7F46700997332 /* Resaurses */,
				4A6B637D29F7F45900997332 /* Main */,
				4A6B636F29F6E32600997332 /* Info.plist */,
			);
			path = EasyPeriod;
			sourceTree = "<group>";
		};
		4A6B637D29F7F45900997332 /* Main */ = {
			isa = PBXGroup;
			children = (
				4A3D870F2A123F960004053A /* Notifications.swift */,
				4A6B636129F6E32500997332 /* AppDelegate.swift */,
				4A6B636329F6E32500997332 /* SceneDelegate.swift */,
				4A3D878D2A1622C20004053A /* Main.storyboard */,
				4A6B636C29F6E32600997332 /* LaunchScreen.storyboard */,
			);
			path = Main;
			sourceTree = "<group>";
		};
		4A6B637E29F7F46700997332 /* Resaurses */ = {
			isa = PBXGroup;
			children = (
				4A6B636A29F6E32600997332 /* Assets.xcassets */,
			);
			path = Resaurses;
			sourceTree = "<group>";
		};
		4A6B637F29F7F47700997332 /* Coordinator */ = {
			isa = PBXGroup;
			children = (
				4A6B637529F6E61700997332 /* Coordinator.swift */,
			);
			path = Coordinator;
			sourceTree = "<group>";
		};
		4A6B638129F7F48D00997332 /* Screens */ = {
			isa = PBXGroup;
			children = (
				4A77AC9C2A06841500A9E437 /* CalendarVC */,
				4A6B638829F83CE000997332 /* Settings */,
			);
			path = Screens;
			sourceTree = "<group>";
		};
		4A6B638229F7F4A000997332 /* Services */ = {
			isa = PBXGroup;
			children = (
				4A4F523C29FAD9C6003638C5 /* DateCalculatiorService.swift */,
				4A6B637929F7F0FF00997332 /* UserProfileService.swift */,
				4A4A06FB29F980400050BAB4 /* PersistanceService.swift */,
			);
			path = Services;
			sourceTree = "<group>";
		};
		4A6B638329F80A4400997332 /* Views */ = {
			isa = PBXGroup;
			children = (
				4A6B638429F80A6900997332 /* DropDownPickerView.swift */,
				4ADC9B2E29FFBB550021F9BF /* DropDownDateView.swift */,
				4A6D20332A0442A4009FD307 /* DropShapeView.swift */,
			);
			path = Views;
			sourceTree = "<group>";
		};
		4A6B638829F83CE000997332 /* Settings */ = {
			isa = PBXGroup;
			children = (
				4A6B636529F6E32500997332 /* UserSettingsVC.swift */,
			);
			path = Settings;
			sourceTree = "<group>";
		};
		4A77AC9C2A06841500A9E437 /* CalendarVC */ = {
			isa = PBXGroup;
			children = (
				4A77AC9E2A06841500A9E437 /* OffPeriodVC.swift */,
				4A77AC9D2A06841500A9E437 /* OffPeriodModel.swift */,
			);
			path = CalendarVC;
			sourceTree = "<group>";
		};
/* End PBXGroup section */

/* Begin PBXNativeTarget section */
		4A3D87722A14D7620004053A /* PeriodWidgetExtension */ = {
			isa = PBXNativeTarget;
			buildConfigurationList = 4A3D87832A14D7630004053A /* Build configuration list for PBXNativeTarget "PeriodWidgetExtension" */;
			buildPhases = (
				4A3D876F2A14D7620004053A /* Sources */,
				4A3D87702A14D7620004053A /* Frameworks */,
				4A3D87712A14D7620004053A /* Resources */,
			);
			buildRules = (
			);
			dependencies = (
			);
			name = PeriodWidgetExtension;
			productName = PeriodWidgetExtension;
			productReference = 4A3D87732A14D7620004053A /* PeriodWidgetExtension.appex */;
			productType = "com.apple.product-type.app-extension";
		};
		4A6B635D29F6E32500997332 /* EasyPeriod */ = {
			isa = PBXNativeTarget;
			buildConfigurationList = 4A6B637229F6E32600997332 /* Build configuration list for PBXNativeTarget "EasyPeriod" */;
			buildPhases = (
				4A6B635A29F6E32500997332 /* Sources */,
				4A6B635B29F6E32500997332 /* Frameworks */,
				4A6B635C29F6E32500997332 /* Resources */,
				4A3D872B2A1378070004053A /* Embed Foundation Extensions */,
			);
			buildRules = (
			);
			dependencies = (
				4A3D87812A14D7630004053A /* PBXTargetDependency */,
			);
			name = EasyPeriod;
			productName = EasyPeriod;
			productReference = 4A6B635E29F6E32500997332 /* EasyPeriod.app */;
			productType = "com.apple.product-type.application";
		};
/* End PBXNativeTarget section */

/* Begin PBXProject section */
		4A6B635629F6E32500997332 /* Project object */ = {
			isa = PBXProject;
			attributes = {
				BuildIndependentTargetsInParallel = 1;
				LastSwiftUpdateCheck = 1430;
				LastUpgradeCheck = 1430;
				TargetAttributes = {
					4A3D87722A14D7620004053A = {
						CreatedOnToolsVersion = 14.3;
					};
					4A6B635D29F6E32500997332 = {
						CreatedOnToolsVersion = 14.3;
					};
				};
			};
			buildConfigurationList = 4A6B635929F6E32500997332 /* Build configuration list for PBXProject "EasyPeriod" */;
			compatibilityVersion = "Xcode 14.0";
			developmentRegion = en;
			hasScannedForEncodings = 0;
			knownRegions = (
				en,
				Base,
			);
			mainGroup = 4A6B635529F6E32500997332;
			productRefGroup = 4A6B635F29F6E32500997332 /* Products */;
			projectDirPath = "";
			projectRoot = "";
			targets = (
				4A6B635D29F6E32500997332 /* EasyPeriod */,
				4A3D87722A14D7620004053A /* PeriodWidgetExtension */,
			);
		};
/* End PBXProject section */

/* Begin PBXResourcesBuildPhase section */
		4A3D87712A14D7620004053A /* Resources */ = {
			isa = PBXResourcesBuildPhase;
			buildActionMask = 2147483647;
			files = (
				4A3D877E2A14D7630004053A /* Assets.xcassets in Resources */,
			);
			runOnlyForDeploymentPostprocessing = 0;
		};
		4A6B635C29F6E32500997332 /* Resources */ = {
			isa = PBXResourcesBuildPhase;
			buildActionMask = 2147483647;
			files = (
				4A3D878E2A1622C20004053A /* Main.storyboard in Resources */,
				4A6B636E29F6E32600997332 /* LaunchScreen.storyboard in Resources */,
				4A6B636B29F6E32600997332 /* Assets.xcassets in Resources */,
			);
			runOnlyForDeploymentPostprocessing = 0;
		};
/* End PBXResourcesBuildPhase section */

/* Begin PBXSourcesBuildPhase section */
		4A3D876F2A14D7620004053A /* Sources */ = {
			isa = PBXSourcesBuildPhase;
			buildActionMask = 2147483647;
			files = (
				4A3D87872A14D7790004053A /* DateFormatter+Extention.swift in Sources */,
				4A3D87782A14D7620004053A /* PeriodWidgetBundle.swift in Sources */,
				4A3D877A2A14D7620004053A /* PeriodWidgetLiveActivity.swift in Sources */,
				4A3D877C2A14D7630004053A /* PeriodWidget.swift in Sources */,
				4A3D878C2A1544820004053A /* OffPeriodModel.swift in Sources */,
				4A3D878B2A15134D0004053A /* UserProfileService.swift in Sources */,
			);
			runOnlyForDeploymentPostprocessing = 0;
		};
		4A6B635A29F6E32500997332 /* Sources */ = {
			isa = PBXSourcesBuildPhase;
			buildActionMask = 2147483647;
			files = (
				4A6B637629F6E61700997332 /* Coordinator.swift in Sources */,
				4A6B636629F6E32500997332 /* UserSettingsVC.swift in Sources */,
				4A77ACA02A06841500A9E437 /* OffPeriodVC.swift in Sources */,
				4A4F523D29FAD9C6003638C5 /* DateCalculatiorService.swift in Sources */,
				4A6B636229F6E32500997332 /* AppDelegate.swift in Sources */,
				4A4F524029FBC878003638C5 /* DateFormatter+Extention.swift in Sources */,
				4ADC9B2F29FFBB550021F9BF /* DropDownDateView.swift in Sources */,
				4A4A06FC29F980400050BAB4 /* PersistanceService.swift in Sources */,
				4A3D87102A123F960004053A /* Notifications.swift in Sources */,
				4A77AC9F2A06841500A9E437 /* OffPeriodModel.swift in Sources */,
				4A6B636429F6E32500997332 /* SceneDelegate.swift in Sources */,
				4A6D20342A0442A4009FD307 /* DropShapeView.swift in Sources */,
				4A4A06F829F937AE0050BAB4 /* DataModel.xcdatamodeld in Sources */,
				4A6B638529F80A6900997332 /* DropDownPickerView.swift in Sources */,
				4A6B637A29F7F0FF00997332 /* UserProfileService.swift in Sources */,
			);
			runOnlyForDeploymentPostprocessing = 0;
		};
/* End PBXSourcesBuildPhase section */

/* Begin PBXTargetDependency section */
		4A3D87812A14D7630004053A /* PBXTargetDependency */ = {
			isa = PBXTargetDependency;
			target = 4A3D87722A14D7620004053A /* PeriodWidgetExtension */;
			targetProxy = 4A3D87802A14D7630004053A /* PBXContainerItemProxy */;
		};
/* End PBXTargetDependency section */

/* Begin PBXVariantGroup section */
		4A6B636C29F6E32600997332 /* LaunchScreen.storyboard */ = {
			isa = PBXVariantGroup;
			children = (
				4A6B636D29F6E32600997332 /* Base */,
			);
			name = LaunchScreen.storyboard;
			sourceTree = "<group>";
		};
/* End PBXVariantGroup section */

/* Begin XCBuildConfiguration section */
		4A3D87842A14D7630004053A /* Debug */ = {
			isa = XCBuildConfiguration;
			buildSettings = {
				ASSETCATALOG_COMPILER_GLOBAL_ACCENT_COLOR_NAME = AccentColor;
				ASSETCATALOG_COMPILER_WIDGET_BACKGROUND_COLOR_NAME = WidgetBackground;
				CODE_SIGN_STYLE = Automatic;
				CURRENT_PROJECT_VERSION = 1;
				DEVELOPMENT_TEAM = 26L85DSMMD;
				GENERATE_INFOPLIST_FILE = YES;
				INFOPLIST_FILE = PeriodWidget/Info.plist;
				INFOPLIST_KEY_CFBundleDisplayName = PeriodWidget;
				INFOPLIST_KEY_NSHumanReadableCopyright = "";
				LD_RUNPATH_SEARCH_PATHS = (
					"$(inherited)",
					"@executable_path/Frameworks",
					"@executable_path/../../Frameworks",
				);
				MARKETING_VERSION = 1.0;
				PRODUCT_BUNDLE_IDENTIFIER = linnitel.EasyPeriod.PeriodWidget;
				PRODUCT_NAME = "$(TARGET_NAME)";
				SKIP_INSTALL = YES;
				SWIFT_EMIT_LOC_STRINGS = YES;
				SWIFT_VERSION = 5.0;
				TARGETED_DEVICE_FAMILY = "1,2";
			};
			name = Debug;
		};
		4A3D87852A14D7630004053A /* Release */ = {
			isa = XCBuildConfiguration;
			buildSettings = {
				ASSETCATALOG_COMPILER_GLOBAL_ACCENT_COLOR_NAME = AccentColor;
				ASSETCATALOG_COMPILER_WIDGET_BACKGROUND_COLOR_NAME = WidgetBackground;
				CODE_SIGN_STYLE = Automatic;
				CURRENT_PROJECT_VERSION = 1;
				DEVELOPMENT_TEAM = 26L85DSMMD;
				GENERATE_INFOPLIST_FILE = YES;
				INFOPLIST_FILE = PeriodWidget/Info.plist;
				INFOPLIST_KEY_CFBundleDisplayName = PeriodWidget;
				INFOPLIST_KEY_NSHumanReadableCopyright = "";
				LD_RUNPATH_SEARCH_PATHS = (
					"$(inherited)",
					"@executable_path/Frameworks",
					"@executable_path/../../Frameworks",
				);
				MARKETING_VERSION = 1.0;
				PRODUCT_BUNDLE_IDENTIFIER = linnitel.EasyPeriod.PeriodWidget;
				PRODUCT_NAME = "$(TARGET_NAME)";
				SKIP_INSTALL = YES;
				SWIFT_EMIT_LOC_STRINGS = YES;
				SWIFT_VERSION = 5.0;
				TARGETED_DEVICE_FAMILY = "1,2";
			};
			name = Release;
		};
		4A6B637029F6E32600997332 /* Debug */ = {
			isa = XCBuildConfiguration;
			buildSettings = {
				ALWAYS_SEARCH_USER_PATHS = NO;
				CLANG_ANALYZER_NONNULL = YES;
				CLANG_ANALYZER_NUMBER_OBJECT_CONVERSION = YES_AGGRESSIVE;
				CLANG_CXX_LANGUAGE_STANDARD = "gnu++20";
				CLANG_ENABLE_MODULES = YES;
				CLANG_ENABLE_OBJC_ARC = YES;
				CLANG_ENABLE_OBJC_WEAK = YES;
				CLANG_WARN_BLOCK_CAPTURE_AUTORELEASING = YES;
				CLANG_WARN_BOOL_CONVERSION = YES;
				CLANG_WARN_COMMA = YES;
				CLANG_WARN_CONSTANT_CONVERSION = YES;
				CLANG_WARN_DEPRECATED_OBJC_IMPLEMENTATIONS = YES;
				CLANG_WARN_DIRECT_OBJC_ISA_USAGE = YES_ERROR;
				CLANG_WARN_DOCUMENTATION_COMMENTS = YES;
				CLANG_WARN_EMPTY_BODY = YES;
				CLANG_WARN_ENUM_CONVERSION = YES;
				CLANG_WARN_INFINITE_RECURSION = YES;
				CLANG_WARN_INT_CONVERSION = YES;
				CLANG_WARN_NON_LITERAL_NULL_CONVERSION = YES;
				CLANG_WARN_OBJC_IMPLICIT_RETAIN_SELF = YES;
				CLANG_WARN_OBJC_LITERAL_CONVERSION = YES;
				CLANG_WARN_OBJC_ROOT_CLASS = YES_ERROR;
				CLANG_WARN_QUOTED_INCLUDE_IN_FRAMEWORK_HEADER = YES;
				CLANG_WARN_RANGE_LOOP_ANALYSIS = YES;
				CLANG_WARN_STRICT_PROTOTYPES = YES;
				CLANG_WARN_SUSPICIOUS_MOVE = YES;
				CLANG_WARN_UNGUARDED_AVAILABILITY = YES_AGGRESSIVE;
				CLANG_WARN_UNREACHABLE_CODE = YES;
				CLANG_WARN__DUPLICATE_METHOD_MATCH = YES;
				COPY_PHASE_STRIP = NO;
				DEBUG_INFORMATION_FORMAT = dwarf;
				ENABLE_STRICT_OBJC_MSGSEND = YES;
				ENABLE_TESTABILITY = YES;
				GCC_C_LANGUAGE_STANDARD = gnu11;
				GCC_DYNAMIC_NO_PIC = NO;
				GCC_NO_COMMON_BLOCKS = YES;
				GCC_OPTIMIZATION_LEVEL = 0;
				GCC_PREPROCESSOR_DEFINITIONS = (
					"DEBUG=1",
					"$(inherited)",
				);
				GCC_WARN_64_TO_32_BIT_CONVERSION = YES;
				GCC_WARN_ABOUT_RETURN_TYPE = YES_ERROR;
				GCC_WARN_UNDECLARED_SELECTOR = YES;
				GCC_WARN_UNINITIALIZED_AUTOS = YES_AGGRESSIVE;
				GCC_WARN_UNUSED_FUNCTION = YES;
				GCC_WARN_UNUSED_VARIABLE = YES;
				IPHONEOS_DEPLOYMENT_TARGET = 16.4;
				MTL_ENABLE_DEBUG_INFO = INCLUDE_SOURCE;
				MTL_FAST_MATH = YES;
				ONLY_ACTIVE_ARCH = YES;
				SDKROOT = iphoneos;
				SWIFT_ACTIVE_COMPILATION_CONDITIONS = DEBUG;
				SWIFT_OPTIMIZATION_LEVEL = "-Onone";
			};
			name = Debug;
		};
		4A6B637129F6E32600997332 /* Release */ = {
			isa = XCBuildConfiguration;
			buildSettings = {
				ALWAYS_SEARCH_USER_PATHS = NO;
				CLANG_ANALYZER_NONNULL = YES;
				CLANG_ANALYZER_NUMBER_OBJECT_CONVERSION = YES_AGGRESSIVE;
				CLANG_CXX_LANGUAGE_STANDARD = "gnu++20";
				CLANG_ENABLE_MODULES = YES;
				CLANG_ENABLE_OBJC_ARC = YES;
				CLANG_ENABLE_OBJC_WEAK = YES;
				CLANG_WARN_BLOCK_CAPTURE_AUTORELEASING = YES;
				CLANG_WARN_BOOL_CONVERSION = YES;
				CLANG_WARN_COMMA = YES;
				CLANG_WARN_CONSTANT_CONVERSION = YES;
				CLANG_WARN_DEPRECATED_OBJC_IMPLEMENTATIONS = YES;
				CLANG_WARN_DIRECT_OBJC_ISA_USAGE = YES_ERROR;
				CLANG_WARN_DOCUMENTATION_COMMENTS = YES;
				CLANG_WARN_EMPTY_BODY = YES;
				CLANG_WARN_ENUM_CONVERSION = YES;
				CLANG_WARN_INFINITE_RECURSION = YES;
				CLANG_WARN_INT_CONVERSION = YES;
				CLANG_WARN_NON_LITERAL_NULL_CONVERSION = YES;
				CLANG_WARN_OBJC_IMPLICIT_RETAIN_SELF = YES;
				CLANG_WARN_OBJC_LITERAL_CONVERSION = YES;
				CLANG_WARN_OBJC_ROOT_CLASS = YES_ERROR;
				CLANG_WARN_QUOTED_INCLUDE_IN_FRAMEWORK_HEADER = YES;
				CLANG_WARN_RANGE_LOOP_ANALYSIS = YES;
				CLANG_WARN_STRICT_PROTOTYPES = YES;
				CLANG_WARN_SUSPICIOUS_MOVE = YES;
				CLANG_WARN_UNGUARDED_AVAILABILITY = YES_AGGRESSIVE;
				CLANG_WARN_UNREACHABLE_CODE = YES;
				CLANG_WARN__DUPLICATE_METHOD_MATCH = YES;
				COPY_PHASE_STRIP = NO;
				DEBUG_INFORMATION_FORMAT = "dwarf-with-dsym";
				ENABLE_NS_ASSERTIONS = NO;
				ENABLE_STRICT_OBJC_MSGSEND = YES;
				GCC_C_LANGUAGE_STANDARD = gnu11;
				GCC_NO_COMMON_BLOCKS = YES;
				GCC_WARN_64_TO_32_BIT_CONVERSION = YES;
				GCC_WARN_ABOUT_RETURN_TYPE = YES_ERROR;
				GCC_WARN_UNDECLARED_SELECTOR = YES;
				GCC_WARN_UNINITIALIZED_AUTOS = YES_AGGRESSIVE;
				GCC_WARN_UNUSED_FUNCTION = YES;
				GCC_WARN_UNUSED_VARIABLE = YES;
				IPHONEOS_DEPLOYMENT_TARGET = 16.4;
				MTL_ENABLE_DEBUG_INFO = NO;
				MTL_FAST_MATH = YES;
				SDKROOT = iphoneos;
				SWIFT_COMPILATION_MODE = wholemodule;
				SWIFT_OPTIMIZATION_LEVEL = "-O";
				VALIDATE_PRODUCT = YES;
			};
			name = Release;
		};
		4A6B637329F6E32600997332 /* Debug */ = {
			isa = XCBuildConfiguration;
			buildSettings = {
				ALWAYS_EMBED_SWIFT_STANDARD_LIBRARIES = YES;
				ASSETCATALOG_COMPILER_APPICON_NAME = AppIcon;
				ASSETCATALOG_COMPILER_GLOBAL_ACCENT_COLOR_NAME = AccentColor;
				CODE_SIGN_ENTITLEMENTS = EasyPeriod/EasyPeriod.entitlements;
				CODE_SIGN_STYLE = Automatic;
				CURRENT_PROJECT_VERSION = 1;
				DEVELOPMENT_TEAM = 26L85DSMMD;
				GENERATE_INFOPLIST_FILE = YES;
				INFOPLIST_FILE = EasyPeriod/Info.plist;
				INFOPLIST_KEY_UIApplicationSupportsIndirectInputEvents = YES;
				INFOPLIST_KEY_UILaunchStoryboardName = LaunchScreen;
				INFOPLIST_KEY_UIMainStoryboardFile = Main;
				INFOPLIST_KEY_UISupportedInterfaceOrientations_iPad = "UIInterfaceOrientationPortrait UIInterfaceOrientationPortraitUpsideDown UIInterfaceOrientationLandscapeLeft UIInterfaceOrientationLandscapeRight";
				INFOPLIST_KEY_UISupportedInterfaceOrientations_iPhone = "UIInterfaceOrientationPortrait UIInterfaceOrientationLandscapeLeft UIInterfaceOrientationLandscapeRight";
				INFOPLIST_KEY_UIUserInterfaceStyle = Light;
				LD_RUNPATH_SEARCH_PATHS = (
					"$(inherited)",
					"@executable_path/Frameworks",
				);
				MARKETING_VERSION = 1.0;
				PRODUCT_BUNDLE_IDENTIFIER = linnitel.EasyPeriod;
				PRODUCT_NAME = "$(TARGET_NAME)";
				SWIFT_EMIT_LOC_STRINGS = YES;
				SWIFT_VERSION = 5.0;
				TARGETED_DEVICE_FAMILY = "1,2";
			};
			name = Debug;
		};
		4A6B637429F6E32600997332 /* Release */ = {
			isa = XCBuildConfiguration;
			buildSettings = {
				ALWAYS_EMBED_SWIFT_STANDARD_LIBRARIES = YES;
				ASSETCATALOG_COMPILER_APPICON_NAME = AppIcon;
				ASSETCATALOG_COMPILER_GLOBAL_ACCENT_COLOR_NAME = AccentColor;
				CODE_SIGN_ENTITLEMENTS = EasyPeriod/EasyPeriod.entitlements;
				CODE_SIGN_STYLE = Automatic;
				CURRENT_PROJECT_VERSION = 1;
				DEVELOPMENT_TEAM = 26L85DSMMD;
				GENERATE_INFOPLIST_FILE = YES;
				INFOPLIST_FILE = EasyPeriod/Info.plist;
				INFOPLIST_KEY_UIApplicationSupportsIndirectInputEvents = YES;
				INFOPLIST_KEY_UILaunchStoryboardName = LaunchScreen;
				INFOPLIST_KEY_UIMainStoryboardFile = Main;
				INFOPLIST_KEY_UISupportedInterfaceOrientations_iPad = "UIInterfaceOrientationPortrait UIInterfaceOrientationPortraitUpsideDown UIInterfaceOrientationLandscapeLeft UIInterfaceOrientationLandscapeRight";
				INFOPLIST_KEY_UISupportedInterfaceOrientations_iPhone = "UIInterfaceOrientationPortrait UIInterfaceOrientationLandscapeLeft UIInterfaceOrientationLandscapeRight";
				INFOPLIST_KEY_UIUserInterfaceStyle = Light;
				LD_RUNPATH_SEARCH_PATHS = (
					"$(inherited)",
					"@executable_path/Frameworks",
				);
				MARKETING_VERSION = 1.0;
				PRODUCT_BUNDLE_IDENTIFIER = linnitel.EasyPeriod;
				PRODUCT_NAME = "$(TARGET_NAME)";
				SWIFT_EMIT_LOC_STRINGS = YES;
				SWIFT_VERSION = 5.0;
				TARGETED_DEVICE_FAMILY = "1,2";
			};
			name = Release;
		};
/* End XCBuildConfiguration section */

/* Begin XCConfigurationList section */
		4A3D87832A14D7630004053A /* Build configuration list for PBXNativeTarget "PeriodWidgetExtension" */ = {
			isa = XCConfigurationList;
			buildConfigurations = (
				4A3D87842A14D7630004053A /* Debug */,
				4A3D87852A14D7630004053A /* Release */,
			);
			defaultConfigurationIsVisible = 0;
			defaultConfigurationName = Release;
		};
		4A6B635929F6E32500997332 /* Build configuration list for PBXProject "EasyPeriod" */ = {
			isa = XCConfigurationList;
			buildConfigurations = (
				4A6B637029F6E32600997332 /* Debug */,
				4A6B637129F6E32600997332 /* Release */,
			);
			defaultConfigurationIsVisible = 0;
			defaultConfigurationName = Release;
		};
		4A6B637229F6E32600997332 /* Build configuration list for PBXNativeTarget "EasyPeriod" */ = {
			isa = XCConfigurationList;
			buildConfigurations = (
				4A6B637329F6E32600997332 /* Debug */,
				4A6B637429F6E32600997332 /* Release */,
			);
			defaultConfigurationIsVisible = 0;
			defaultConfigurationName = Release;
		};
/* End XCConfigurationList section */

/* Begin XCVersionGroup section */
		4A4A06F629F937AE0050BAB4 /* DataModel.xcdatamodeld */ = {
			isa = XCVersionGroup;
			children = (
				4A4A06F729F937AE0050BAB4 /* DataModel.xcdatamodel */,
			);
			currentVersion = 4A4A06F729F937AE0050BAB4 /* DataModel.xcdatamodel */;
			path = DataModel.xcdatamodeld;
			sourceTree = "<group>";
			versionGroupType = wrapper.xcdatamodel;
		};
/* End XCVersionGroup section */
	};
	rootObject = 4A6B635629F6E32500997332 /* Project object */;
}
