// !$*UTF8*$!
{
	archiveVersion = 1;
	classes = {
	};
	objectVersion = 56;
	objects = {

/* Begin PBXBuildFile section */
		4A4A06F829F937AE0050BAB4 /* DataModel.xcdatamodeld in Sources */ = {isa = PBXBuildFile; fileRef = 4A4A06F629F937AE0050BAB4 /* DataModel.xcdatamodeld */; };
		4A4A06FA29F96EC30050BAB4 /* SettingsModel.swift in Sources */ = {isa = PBXBuildFile; fileRef = 4A4A06F929F96EC30050BAB4 /* SettingsModel.swift */; };
		4A4A06FC29F980400050BAB4 /* PersistanceService.swift in Sources */ = {isa = PBXBuildFile; fileRef = 4A4A06FB29F980400050BAB4 /* PersistanceService.swift */; };
		4A4F523329FA986C003638C5 /* DateSettings.swift in Sources */ = {isa = PBXBuildFile; fileRef = 4A4F523229FA986C003638C5 /* DateSettings.swift */; };
		4A6B636229F6E32500997332 /* AppDelegate.swift in Sources */ = {isa = PBXBuildFile; fileRef = 4A6B636129F6E32500997332 /* AppDelegate.swift */; };
		4A6B636429F6E32500997332 /* SceneDelegate.swift in Sources */ = {isa = PBXBuildFile; fileRef = 4A6B636329F6E32500997332 /* SceneDelegate.swift */; };
		4A6B636629F6E32500997332 /* UserSettingsVC.swift in Sources */ = {isa = PBXBuildFile; fileRef = 4A6B636529F6E32500997332 /* UserSettingsVC.swift */; };
		4A6B636B29F6E32600997332 /* Assets.xcassets in Resources */ = {isa = PBXBuildFile; fileRef = 4A6B636A29F6E32600997332 /* Assets.xcassets */; };
		4A6B636E29F6E32600997332 /* LaunchScreen.storyboard in Resources */ = {isa = PBXBuildFile; fileRef = 4A6B636C29F6E32600997332 /* LaunchScreen.storyboard */; };
		4A6B637629F6E61700997332 /* Coordinator.swift in Sources */ = {isa = PBXBuildFile; fileRef = 4A6B637529F6E61700997332 /* Coordinator.swift */; };
		4A6B637829F7E30900997332 /* Main.storyboard in Resources */ = {isa = PBXBuildFile; fileRef = 4A6B637729F7E30900997332 /* Main.storyboard */; };
		4A6B637A29F7F0FF00997332 /* UserSettingsService.swift in Sources */ = {isa = PBXBuildFile; fileRef = 4A6B637929F7F0FF00997332 /* UserSettingsService.swift */; };
		4A6B637C29F7F40C00997332 /* CalendarVC.swift in Sources */ = {isa = PBXBuildFile; fileRef = 4A6B637B29F7F40C00997332 /* CalendarVC.swift */; };
		4A6B638529F80A6900997332 /* DropDownTextFieldView.swift in Sources */ = {isa = PBXBuildFile; fileRef = 4A6B638429F80A6900997332 /* DropDownTextFieldView.swift */; };
		4A6B638A29F83CF600997332 /* CalendarModel.swift in Sources */ = {isa = PBXBuildFile; fileRef = 4A6B638929F83CF600997332 /* CalendarModel.swift */; };
/* End PBXBuildFile section */

/* Begin PBXFileReference section */
		4A4A06F729F937AE0050BAB4 /* DataModel.xcdatamodel */ = {isa = PBXFileReference; lastKnownFileType = wrapper.xcdatamodel; path = DataModel.xcdatamodel; sourceTree = "<group>"; };
		4A4A06F929F96EC30050BAB4 /* SettingsModel.swift */ = {isa = PBXFileReference; lastKnownFileType = sourcecode.swift; path = SettingsModel.swift; sourceTree = "<group>"; };
		4A4A06FB29F980400050BAB4 /* PersistanceService.swift */ = {isa = PBXFileReference; lastKnownFileType = sourcecode.swift; path = PersistanceService.swift; sourceTree = "<group>"; };
		4A4F523229FA986C003638C5 /* DateSettings.swift */ = {isa = PBXFileReference; lastKnownFileType = sourcecode.swift; path = DateSettings.swift; sourceTree = "<group>"; };
		4A6B635E29F6E32500997332 /* EasyPeriod.app */ = {isa = PBXFileReference; explicitFileType = wrapper.application; includeInIndex = 0; path = EasyPeriod.app; sourceTree = BUILT_PRODUCTS_DIR; };
		4A6B636129F6E32500997332 /* AppDelegate.swift */ = {isa = PBXFileReference; lastKnownFileType = sourcecode.swift; path = AppDelegate.swift; sourceTree = "<group>"; };
		4A6B636329F6E32500997332 /* SceneDelegate.swift */ = {isa = PBXFileReference; lastKnownFileType = sourcecode.swift; path = SceneDelegate.swift; sourceTree = "<group>"; };
		4A6B636529F6E32500997332 /* UserSettingsVC.swift */ = {isa = PBXFileReference; lastKnownFileType = sourcecode.swift; path = UserSettingsVC.swift; sourceTree = "<group>"; };
		4A6B636A29F6E32600997332 /* Assets.xcassets */ = {isa = PBXFileReference; lastKnownFileType = folder.assetcatalog; path = Assets.xcassets; sourceTree = "<group>"; };
		4A6B636D29F6E32600997332 /* Base */ = {isa = PBXFileReference; lastKnownFileType = file.storyboard; name = Base; path = Base.lproj/LaunchScreen.storyboard; sourceTree = "<group>"; };
		4A6B636F29F6E32600997332 /* Info.plist */ = {isa = PBXFileReference; lastKnownFileType = text.plist.xml; path = Info.plist; sourceTree = "<group>"; };
		4A6B637529F6E61700997332 /* Coordinator.swift */ = {isa = PBXFileReference; lastKnownFileType = sourcecode.swift; path = Coordinator.swift; sourceTree = "<group>"; };
		4A6B637729F7E30900997332 /* Main.storyboard */ = {isa = PBXFileReference; fileEncoding = 4; lastKnownFileType = file.storyboard; path = Main.storyboard; sourceTree = "<group>"; };
		4A6B637929F7F0FF00997332 /* UserSettingsService.swift */ = {isa = PBXFileReference; lastKnownFileType = sourcecode.swift; path = UserSettingsService.swift; sourceTree = "<group>"; };
		4A6B637B29F7F40C00997332 /* CalendarVC.swift */ = {isa = PBXFileReference; lastKnownFileType = sourcecode.swift; path = CalendarVC.swift; sourceTree = "<group>"; };
		4A6B638429F80A6900997332 /* DropDownTextFieldView.swift */ = {isa = PBXFileReference; lastKnownFileType = sourcecode.swift; path = DropDownTextFieldView.swift; sourceTree = "<group>"; };
		4A6B638929F83CF600997332 /* CalendarModel.swift */ = {isa = PBXFileReference; lastKnownFileType = sourcecode.swift; path = CalendarModel.swift; sourceTree = "<group>"; };
/* End PBXFileReference section */

/* Begin PBXFrameworksBuildPhase section */
		4A6B635B29F6E32500997332 /* Frameworks */ = {
			isa = PBXFrameworksBuildPhase;
			buildActionMask = 2147483647;
			files = (
			);
			runOnlyForDeploymentPostprocessing = 0;
		};
/* End PBXFrameworksBuildPhase section */

/* Begin PBXGroup section */
		4A6B635529F6E32500997332 = {
			isa = PBXGroup;
			children = (
				4A6B636029F6E32500997332 /* EasyPeriod */,
				4A6B635F29F6E32500997332 /* Products */,
			);
			sourceTree = "<group>";
		};
		4A6B635F29F6E32500997332 /* Products */ = {
			isa = PBXGroup;
			children = (
				4A6B635E29F6E32500997332 /* EasyPeriod.app */,
			);
			name = Products;
			sourceTree = "<group>";
		};
		4A6B636029F6E32500997332 /* EasyPeriod */ = {
			isa = PBXGroup;
			children = (
				4A4A06F629F937AE0050BAB4 /* DataModel.xcdatamodeld */,
				4A4F523229FA986C003638C5 /* DateSettings.swift */,
				4A6B638329F80A4400997332 /* Views */,
				4A6B638229F7F4A000997332 /* Services */,
				4A6B638129F7F48D00997332 /* Screens */,
				4A6B637F29F7F47700997332 /* Coordinator */,
				4A6B637E29F7F46700997332 /* Resaurses */,
				4A6B637D29F7F45900997332 /* Main */,
				4A6B636F29F6E32600997332 /* Info.plist */,
			);
			path = EasyPeriod;
			sourceTree = "<group>";
		};
		4A6B637D29F7F45900997332 /* Main */ = {
			isa = PBXGroup;
			children = (
				4A6B636129F6E32500997332 /* AppDelegate.swift */,
				4A6B636329F6E32500997332 /* SceneDelegate.swift */,
				4A6B637729F7E30900997332 /* Main.storyboard */,
				4A6B636C29F6E32600997332 /* LaunchScreen.storyboard */,
			);
			path = Main;
			sourceTree = "<group>";
		};
		4A6B637E29F7F46700997332 /* Resaurses */ = {
			isa = PBXGroup;
			children = (
				4A6B636A29F6E32600997332 /* Assets.xcassets */,
			);
			path = Resaurses;
			sourceTree = "<group>";
		};
		4A6B637F29F7F47700997332 /* Coordinator */ = {
			isa = PBXGroup;
			children = (
				4A6B637529F6E61700997332 /* Coordinator.swift */,
			);
			path = Coordinator;
			sourceTree = "<group>";
		};
		4A6B638129F7F48D00997332 /* Screens */ = {
			isa = PBXGroup;
			children = (
				4A6B638829F83CE000997332 /* Settings */,
				4A6B638629F83CCA00997332 /* Calendar */,
			);
			path = Screens;
			sourceTree = "<group>";
		};
		4A6B638229F7F4A000997332 /* Services */ = {
			isa = PBXGroup;
			children = (
				4A6B637929F7F0FF00997332 /* UserSettingsService.swift */,
				4A4A06FB29F980400050BAB4 /* PersistanceService.swift */,
			);
			path = Services;
			sourceTree = "<group>";
		};
		4A6B638329F80A4400997332 /* Views */ = {
			isa = PBXGroup;
			children = (
				4A6B638429F80A6900997332 /* DropDownTextFieldView.swift */,
			);
			path = Views;
			sourceTree = "<group>";
		};
		4A6B638629F83CCA00997332 /* Calendar */ = {
			isa = PBXGroup;
			children = (
				4A6B637B29F7F40C00997332 /* CalendarVC.swift */,
				4A6B638929F83CF600997332 /* CalendarModel.swift */,
			);
			path = Calendar;
			sourceTree = "<group>";
		};
		4A6B638829F83CE000997332 /* Settings */ = {
			isa = PBXGroup;
			children = (
				4A6B636529F6E32500997332 /* UserSettingsVC.swift */,
				4A4A06F929F96EC30050BAB4 /* SettingsModel.swift */,
			);
			path = Settings;
			sourceTree = "<group>";
		};
/* End PBXGroup section */

/* Begin PBXNativeTarget section */
		4A6B635D29F6E32500997332 /* EasyPeriod */ = {
			isa = PBXNativeTarget;
			buildConfigurationList = 4A6B637229F6E32600997332 /* Build configuration list for PBXNativeTarget "EasyPeriod" */;
			buildPhases = (
				4A6B635A29F6E32500997332 /* Sources */,
				4A6B635B29F6E32500997332 /* Frameworks */,
				4A6B635C29F6E32500997332 /* Resources */,
			);
			buildRules = (
			);
			dependencies = (
			);
			name = EasyPeriod;
			productName = EasyPeriod;
			productReference = 4A6B635E29F6E32500997332 /* EasyPeriod.app */;
			productType = "com.apple.product-type.application";
		};
/* End PBXNativeTarget section */

/* Begin PBXProject section */
		4A6B635629F6E32500997332 /* Project object */ = {
			isa = PBXProject;
			attributes = {
				BuildIndependentTargetsInParallel = 1;
				LastSwiftUpdateCheck = 1430;
				LastUpgradeCheck = 1430;
				TargetAttributes = {
					4A6B635D29F6E32500997332 = {
						CreatedOnToolsVersion = 14.3;
					};
				};
			};
			buildConfigurationList = 4A6B635929F6E32500997332 /* Build configuration list for PBXProject "EasyPeriod" */;
			compatibilityVersion = "Xcode 14.0";
			developmentRegion = en;
			hasScannedForEncodings = 0;
			knownRegions = (
				en,
				Base,
			);
			mainGroup = 4A6B635529F6E32500997332;
			productRefGroup = 4A6B635F29F6E32500997332 /* Products */;
			projectDirPath = "";
			projectRoot = "";
			targets = (
				4A6B635D29F6E32500997332 /* EasyPeriod */,
			);
		};
/* End PBXProject section */

/* Begin PBXResourcesBuildPhase section */
		4A6B635C29F6E32500997332 /* Resources */ = {
			isa = PBXResourcesBuildPhase;
			buildActionMask = 2147483647;
			files = (
				4A6B637829F7E30900997332 /* Main.storyboard in Resources */,
				4A6B636E29F6E32600997332 /* LaunchScreen.storyboard in Resources */,
				4A6B636B29F6E32600997332 /* Assets.xcassets in Resources */,
			);
			runOnlyForDeploymentPostprocessing = 0;
		};
/* End PBXResourcesBuildPhase section */

/* Begin PBXSourcesBuildPhase section */
		4A6B635A29F6E32500997332 /* Sources */ = {
			isa = PBXSourcesBuildPhase;
			buildActionMask = 2147483647;
			files = (
				4A4F523329FA986C003638C5 /* DateSettings.swift in Sources */,
				4A6B637629F6E61700997332 /* Coordinator.swift in Sources */,
				4A6B638A29F83CF600997332 /* CalendarModel.swift in Sources */,
				4A6B636629F6E32500997332 /* UserSettingsVC.swift in Sources */,
				4A6B637C29F7F40C00997332 /* CalendarVC.swift in Sources */,
				4A6B636229F6E32500997332 /* AppDelegate.swift in Sources */,
				4A4A06FC29F980400050BAB4 /* PersistanceService.swift in Sources */,
				4A6B636429F6E32500997332 /* SceneDelegate.swift in Sources */,
				4A4A06FA29F96EC30050BAB4 /* SettingsModel.swift in Sources */,
				4A4A06F829F937AE0050BAB4 /* DataModel.xcdatamodeld in Sources */,
				4A6B638529F80A6900997332 /* DropDownTextFieldView.swift in Sources */,
				4A6B637A29F7F0FF00997332 /* UserSettingsService.swift in Sources */,
			);
			runOnlyForDeploymentPostprocessing = 0;
		};
/* End PBXSourcesBuildPhase section */

/* Begin PBXVariantGroup section */
		4A6B636C29F6E32600997332 /* LaunchScreen.storyboard */ = {
			isa = PBXVariantGroup;
			children = (
				4A6B636D29F6E32600997332 /* Base */,
			);
			name = LaunchScreen.storyboard;
			sourceTree = "<group>";
		};
/* End PBXVariantGroup section */

/* Begin XCBuildConfiguration section */
		4A6B637029F6E32600997332 /* Debug */ = {
			isa = XCBuildConfiguration;
			buildSettings = {
				ALWAYS_SEARCH_USER_PATHS = NO;
				CLANG_ANALYZER_NONNULL = YES;
				CLANG_ANALYZER_NUMBER_OBJECT_CONVERSION = YES_AGGRESSIVE;
				CLANG_CXX_LANGUAGE_STANDARD = "gnu++20";
				CLANG_ENABLE_MODULES = YES;
				CLANG_ENABLE_OBJC_ARC = YES;
				CLANG_ENABLE_OBJC_WEAK = YES;
				CLANG_WARN_BLOCK_CAPTURE_AUTORELEASING = YES;
				CLANG_WARN_BOOL_CONVERSION = YES;
				CLANG_WARN_COMMA = YES;
				CLANG_WARN_CONSTANT_CONVERSION = YES;
				CLANG_WARN_DEPRECATED_OBJC_IMPLEMENTATIONS = YES;
				CLANG_WARN_DIRECT_OBJC_ISA_USAGE = YES_ERROR;
				CLANG_WARN_DOCUMENTATION_COMMENTS = YES;
				CLANG_WARN_EMPTY_BODY = YES;
				CLANG_WARN_ENUM_CONVERSION = YES;
				CLANG_WARN_INFINITE_RECURSION = YES;
				CLANG_WARN_INT_CONVERSION = YES;
				CLANG_WARN_NON_LITERAL_NULL_CONVERSION = YES;
				CLANG_WARN_OBJC_IMPLICIT_RETAIN_SELF = YES;
				CLANG_WARN_OBJC_LITERAL_CONVERSION = YES;
				CLANG_WARN_OBJC_ROOT_CLASS = YES_ERROR;
				CLANG_WARN_QUOTED_INCLUDE_IN_FRAMEWORK_HEADER = YES;
				CLANG_WARN_RANGE_LOOP_ANALYSIS = YES;
				CLANG_WARN_STRICT_PROTOTYPES = YES;
				CLANG_WARN_SUSPICIOUS_MOVE = YES;
				CLANG_WARN_UNGUARDED_AVAILABILITY = YES_AGGRESSIVE;
				CLANG_WARN_UNREACHABLE_CODE = YES;
				CLANG_WARN__DUPLICATE_METHOD_MATCH = YES;
				COPY_PHASE_STRIP = NO;
				DEBUG_INFORMATION_FORMAT = dwarf;
				ENABLE_STRICT_OBJC_MSGSEND = YES;
				ENABLE_TESTABILITY = YES;
				GCC_C_LANGUAGE_STANDARD = gnu11;
				GCC_DYNAMIC_NO_PIC = NO;
				GCC_NO_COMMON_BLOCKS = YES;
				GCC_OPTIMIZATION_LEVEL = 0;
				GCC_PREPROCESSOR_DEFINITIONS = (
					"DEBUG=1",
					"$(inherited)",
				);
				GCC_WARN_64_TO_32_BIT_CONVERSION = YES;
				GCC_WARN_ABOUT_RETURN_TYPE = YES_ERROR;
				GCC_WARN_UNDECLARED_SELECTOR = YES;
				GCC_WARN_UNINITIALIZED_AUTOS = YES_AGGRESSIVE;
				GCC_WARN_UNUSED_FUNCTION = YES;
				GCC_WARN_UNUSED_VARIABLE = YES;
				IPHONEOS_DEPLOYMENT_TARGET = 16.4;
				MTL_ENABLE_DEBUG_INFO = INCLUDE_SOURCE;
				MTL_FAST_MATH = YES;
				ONLY_ACTIVE_ARCH = YES;
				SDKROOT = iphoneos;
				SWIFT_ACTIVE_COMPILATION_CONDITIONS = DEBUG;
				SWIFT_OPTIMIZATION_LEVEL = "-Onone";
			};
			name = Debug;
		};
		4A6B637129F6E32600997332 /* Release */ = {
			isa = XCBuildConfiguration;
			buildSettings = {
				ALWAYS_SEARCH_USER_PATHS = NO;
				CLANG_ANALYZER_NONNULL = YES;
				CLANG_ANALYZER_NUMBER_OBJECT_CONVERSION = YES_AGGRESSIVE;
				CLANG_CXX_LANGUAGE_STANDARD = "gnu++20";
				CLANG_ENABLE_MODULES = YES;
				CLANG_ENABLE_OBJC_ARC = YES;
				CLANG_ENABLE_OBJC_WEAK = YES;
				CLANG_WARN_BLOCK_CAPTURE_AUTORELEASING = YES;
				CLANG_WARN_BOOL_CONVERSION = YES;
				CLANG_WARN_COMMA = YES;
				CLANG_WARN_CONSTANT_CONVERSION = YES;
				CLANG_WARN_DEPRECATED_OBJC_IMPLEMENTATIONS = YES;
				CLANG_WARN_DIRECT_OBJC_ISA_USAGE = YES_ERROR;
				CLANG_WARN_DOCUMENTATION_COMMENTS = YES;
				CLANG_WARN_EMPTY_BODY = YES;
				CLANG_WARN_ENUM_CONVERSION = YES;
				CLANG_WARN_INFINITE_RECURSION = YES;
				CLANG_WARN_INT_CONVERSION = YES;
				CLANG_WARN_NON_LITERAL_NULL_CONVERSION = YES;
				CLANG_WARN_OBJC_IMPLICIT_RETAIN_SELF = YES;
				CLANG_WARN_OBJC_LITERAL_CONVERSION = YES;
				CLANG_WARN_OBJC_ROOT_CLASS = YES_ERROR;
				CLANG_WARN_QUOTED_INCLUDE_IN_FRAMEWORK_HEADER = YES;
				CLANG_WARN_RANGE_LOOP_ANALYSIS = YES;
				CLANG_WARN_STRICT_PROTOTYPES = YES;
				CLANG_WARN_SUSPICIOUS_MOVE = YES;
				CLANG_WARN_UNGUARDED_AVAILABILITY = YES_AGGRESSIVE;
				CLANG_WARN_UNREACHABLE_CODE = YES;
				CLANG_WARN__DUPLICATE_METHOD_MATCH = YES;
				COPY_PHASE_STRIP = NO;
				DEBUG_INFORMATION_FORMAT = "dwarf-with-dsym";
				ENABLE_NS_ASSERTIONS = NO;
				ENABLE_STRICT_OBJC_MSGSEND = YES;
				GCC_C_LANGUAGE_STANDARD = gnu11;
				GCC_NO_COMMON_BLOCKS = YES;
				GCC_WARN_64_TO_32_BIT_CONVERSION = YES;
				GCC_WARN_ABOUT_RETURN_TYPE = YES_ERROR;
				GCC_WARN_UNDECLARED_SELECTOR = YES;
				GCC_WARN_UNINITIALIZED_AUTOS = YES_AGGRESSIVE;
				GCC_WARN_UNUSED_FUNCTION = YES;
				GCC_WARN_UNUSED_VARIABLE = YES;
				IPHONEOS_DEPLOYMENT_TARGET = 16.4;
				MTL_ENABLE_DEBUG_INFO = NO;
				MTL_FAST_MATH = YES;
				SDKROOT = iphoneos;
				SWIFT_COMPILATION_MODE = wholemodule;
				SWIFT_OPTIMIZATION_LEVEL = "-O";
				VALIDATE_PRODUCT = YES;
			};
			name = Release;
		};
		4A6B637329F6E32600997332 /* Debug */ = {
			isa = XCBuildConfiguration;
			buildSettings = {
				ASSETCATALOG_COMPILER_APPICON_NAME = AppIcon;
				ASSETCATALOG_COMPILER_GLOBAL_ACCENT_COLOR_NAME = AccentColor;
				CODE_SIGN_STYLE = Automatic;
				CURRENT_PROJECT_VERSION = 1;
				DEVELOPMENT_TEAM = 26L85DSMMD;
				GENERATE_INFOPLIST_FILE = YES;
				INFOPLIST_FILE = EasyPeriod/Info.plist;
				INFOPLIST_KEY_UIApplicationSupportsIndirectInputEvents = YES;
				INFOPLIST_KEY_UILaunchStoryboardName = LaunchScreen;
				INFOPLIST_KEY_UIMainStoryboardFile = Main;
				INFOPLIST_KEY_UISupportedInterfaceOrientations_iPad = "UIInterfaceOrientationPortrait UIInterfaceOrientationPortraitUpsideDown UIInterfaceOrientationLandscapeLeft UIInterfaceOrientationLandscapeRight";
				INFOPLIST_KEY_UISupportedInterfaceOrientations_iPhone = "UIInterfaceOrientationPortrait UIInterfaceOrientationLandscapeLeft UIInterfaceOrientationLandscapeRight";
				INFOPLIST_KEY_UIUserInterfaceStyle = Light;
				LD_RUNPATH_SEARCH_PATHS = (
					"$(inherited)",
					"@executable_path/Frameworks",
				);
				MARKETING_VERSION = 1.0;
				PRODUCT_BUNDLE_IDENTIFIER = linnitel.EasyPeriod;
				PRODUCT_NAME = "$(TARGET_NAME)";
				SWIFT_EMIT_LOC_STRINGS = YES;
				SWIFT_VERSION = 5.0;
				TARGETED_DEVICE_FAMILY = "1,2";
			};
			name = Debug;
		};
		4A6B637429F6E32600997332 /* Release */ = {
			isa = XCBuildConfiguration;
			buildSettings = {
				ASSETCATALOG_COMPILER_APPICON_NAME = AppIcon;
				ASSETCATALOG_COMPILER_GLOBAL_ACCENT_COLOR_NAME = AccentColor;
				CODE_SIGN_STYLE = Automatic;
				CURRENT_PROJECT_VERSION = 1;
				DEVELOPMENT_TEAM = 26L85DSMMD;
				GENERATE_INFOPLIST_FILE = YES;
				INFOPLIST_FILE = EasyPeriod/Info.plist;
				INFOPLIST_KEY_UIApplicationSupportsIndirectInputEvents = YES;
				INFOPLIST_KEY_UILaunchStoryboardName = LaunchScreen;
				INFOPLIST_KEY_UIMainStoryboardFile = Main;
				INFOPLIST_KEY_UISupportedInterfaceOrientations_iPad = "UIInterfaceOrientationPortrait UIInterfaceOrientationPortraitUpsideDown UIInterfaceOrientationLandscapeLeft UIInterfaceOrientationLandscapeRight";
				INFOPLIST_KEY_UISupportedInterfaceOrientations_iPhone = "UIInterfaceOrientationPortrait UIInterfaceOrientationLandscapeLeft UIInterfaceOrientationLandscapeRight";
				INFOPLIST_KEY_UIUserInterfaceStyle = Light;
				LD_RUNPATH_SEARCH_PATHS = (
					"$(inherited)",
					"@executable_path/Frameworks",
				);
				MARKETING_VERSION = 1.0;
				PRODUCT_BUNDLE_IDENTIFIER = linnitel.EasyPeriod;
				PRODUCT_NAME = "$(TARGET_NAME)";
				SWIFT_EMIT_LOC_STRINGS = YES;
				SWIFT_VERSION = 5.0;
				TARGETED_DEVICE_FAMILY = "1,2";
			};
			name = Release;
		};
/* End XCBuildConfiguration section */

/* Begin XCConfigurationList section */
		4A6B635929F6E32500997332 /* Build configuration list for PBXProject "EasyPeriod" */ = {
			isa = XCConfigurationList;
			buildConfigurations = (
				4A6B637029F6E32600997332 /* Debug */,
				4A6B637129F6E32600997332 /* Release */,
			);
			defaultConfigurationIsVisible = 0;
			defaultConfigurationName = Release;
		};
		4A6B637229F6E32600997332 /* Build configuration list for PBXNativeTarget "EasyPeriod" */ = {
			isa = XCConfigurationList;
			buildConfigurations = (
				4A6B637329F6E32600997332 /* Debug */,
				4A6B637429F6E32600997332 /* Release */,
			);
			defaultConfigurationIsVisible = 0;
			defaultConfigurationName = Release;
		};
/* End XCConfigurationList section */

/* Begin XCVersionGroup section */
		4A4A06F629F937AE0050BAB4 /* DataModel.xcdatamodeld */ = {
			isa = XCVersionGroup;
			children = (
				4A4A06F729F937AE0050BAB4 /* DataModel.xcdatamodel */,
			);
			currentVersion = 4A4A06F729F937AE0050BAB4 /* DataModel.xcdatamodel */;
			path = DataModel.xcdatamodeld;
			sourceTree = "<group>";
			versionGroupType = wrapper.xcdatamodel;
		};
/* End XCVersionGroup section */
	};
	rootObject = 4A6B635629F6E32500997332 /* Project object */;
}
